
Microsoft Visual Studio Solution File, Format Version 12.00
# Visual Studio Version 17
VisualStudioVersion = 17.5.002.0
MinimumVisualStudioVersion = 10.0.40219.1
Project("{9A19103F-16F7-4668-BE54-9A1E7A4F7556}") = "Portfolio", "Portfolio.csproj", "{4AAF22E7-80A9-49FB-90E2-F8338FB1AB80}"
EndProject
Global
	GlobalSection(SolutionConfigurationPlatforms) = preSolution
		Debug|Any CPU = Debug|Any CPU
		Release|Any CPU = Release|Any CPU
	EndGlobalSection
	GlobalSection(ProjectConfigurationPlatforms) = postSolution
		{4AAF22E7-80A9-49FB-90E2-F8338FB1AB80}.Debug|Any CPU.ActiveCfg = Debug|Any CPU
		{4AAF22E7-80A9-49FB-90E2-F8338FB1AB80}.Debug|Any CPU.Build.0 = Debug|Any CPU
		{4AAF22E7-80A9-49FB-90E2-F8338FB1AB80}.Release|Any CPU.ActiveCfg = Release|Any CPU
		{4AAF22E7-80A9-49FB-90E2-F8338FB1AB80}.Release|Any CPU.Build.0 = Release|Any CPU
	EndGlobalSection
	GlobalSection(SolutionProperties) = preSolution
		HideSolutionNode = FALSE
	EndGlobalSection
	GlobalSection(ExtensibilityGlobals) = postSolution
		SolutionGuid = {F5AA01F3-AD29-44CD-8A2E-0DEDD97A1E25}
	EndGlobalSection
EndGlobal
